
Microsoft Visual Studio Solution File, Format Version 12.00
# Visual Studio 14
VisualStudioVersion = 14.0.23107.0
MinimumVisualStudioVersion = 10.0.40219.1
Project("{FAE04EC0-301F-11D3-BF4B-00C04F79EFBC}") = "Frankenwiki", "src\Frankenwiki\Frankenwiki.csproj", "{A31AFBF0-C973-405C-8BAA-AA40B368C120}"
EndProject
Project("{FAE04EC0-301F-11D3-BF4B-00C04F79EFBC}") = "Frankenwiki.Example.NancyWeb", "src\Frankenwiki.Example.NancyWeb\Frankenwiki.Example.NancyWeb.csproj", "{B4F9C525-5C56-440E-B4C2-972A33D7C8CD}"
EndProject
Project("{FAE04EC0-301F-11D3-BF4B-00C04F79EFBC}") = "Frankenwiki.Tests", "src\Frankenwiki.Tests\Frankenwiki.Tests.csproj", "{FC706F31-5C33-45C5-B347-01C122576419}"
EndProject
Project("{2150E333-8FDC-42A3-9474-1A3956D46DE8}") = ".nuget", ".nuget", "{B353A7A9-C9D1-41D8-8D9B-7F59E0C2B660}"
	ProjectSection(SolutionItems) = preProject
		.nuget\NuGet.Config = .nuget\NuGet.Config
		.nuget\NuGet.exe = .nuget\NuGet.exe
		.nuget\NuGet.targets = .nuget\NuGet.targets
		.nuget\packages.config = .nuget\packages.config
	EndProjectSection
EndProject
Project("{FAE04EC0-301F-11D3-BF4B-00C04F79EFBC}") = "Frankenwiki.Host.Nancy", "src\Frankenwiki.Host.Nancy\Frankenwiki.Host.Nancy.csproj", "{3B8289E8-FB93-4CB6-AFDB-00707DBC7222}"
EndProject
Project("{FAE04EC0-301F-11D3-BF4B-00C04F79EFBC}") = "Frankenwiki.Lucence", "Frankenwiki.Lucence\Frankenwiki.Lucence.csproj", "{2856DB69-F0C9-4D43-BF9A-F96CA5860E77}"
EndProject
Global
	GlobalSection(SolutionConfigurationPlatforms) = preSolution
		Debug|Any CPU = Debug|Any CPU
		Release|Any CPU = Release|Any CPU
	EndGlobalSection
	GlobalSection(ProjectConfigurationPlatforms) = postSolution
		{A31AFBF0-C973-405C-8BAA-AA40B368C120}.Debug|Any CPU.ActiveCfg = Debug|Any CPU
		{A31AFBF0-C973-405C-8BAA-AA40B368C120}.Debug|Any CPU.Build.0 = Debug|Any CPU
		{A31AFBF0-C973-405C-8BAA-AA40B368C120}.Release|Any CPU.ActiveCfg = Release|Any CPU
		{A31AFBF0-C973-405C-8BAA-AA40B368C120}.Release|Any CPU.Build.0 = Release|Any CPU
		{B4F9C525-5C56-440E-B4C2-972A33D7C8CD}.Debug|Any CPU.ActiveCfg = Debug|Any CPU
		{B4F9C525-5C56-440E-B4C2-972A33D7C8CD}.Debug|Any CPU.Build.0 = Debug|Any CPU
		{B4F9C525-5C56-440E-B4C2-972A33D7C8CD}.Release|Any CPU.ActiveCfg = Release|Any CPU
		{B4F9C525-5C56-440E-B4C2-972A33D7C8CD}.Release|Any CPU.Build.0 = Release|Any CPU
		{FC706F31-5C33-45C5-B347-01C122576419}.Debug|Any CPU.ActiveCfg = Debug|Any CPU
		{FC706F31-5C33-45C5-B347-01C122576419}.Release|Any CPU.ActiveCfg = Release|Any CPU
		{FC706F31-5C33-45C5-B347-01C122576419}.Release|Any CPU.Build.0 = Release|Any CPU
		{3B8289E8-FB93-4CB6-AFDB-00707DBC7222}.Debug|Any CPU.ActiveCfg = Debug|Any CPU
		{3B8289E8-FB93-4CB6-AFDB-00707DBC7222}.Debug|Any CPU.Build.0 = Debug|Any CPU
		{3B8289E8-FB93-4CB6-AFDB-00707DBC7222}.Release|Any CPU.ActiveCfg = Release|Any CPU
		{3B8289E8-FB93-4CB6-AFDB-00707DBC7222}.Release|Any CPU.Build.0 = Release|Any CPU
		{2856DB69-F0C9-4D43-BF9A-F96CA5860E77}.Debug|Any CPU.ActiveCfg = Debug|Any CPU
		{2856DB69-F0C9-4D43-BF9A-F96CA5860E77}.Debug|Any CPU.Build.0 = Debug|Any CPU
		{2856DB69-F0C9-4D43-BF9A-F96CA5860E77}.Release|Any CPU.ActiveCfg = Release|Any CPU
		{2856DB69-F0C9-4D43-BF9A-F96CA5860E77}.Release|Any CPU.Build.0 = Release|Any CPU
	EndGlobalSection
	GlobalSection(SolutionProperties) = preSolution
		HideSolutionNode = FALSE
	EndGlobalSection
EndGlobal
